
Microsoft Visual Studio Solution File, Format Version 12.00
# Visual Studio Version 16
VisualStudioVersion = 16.0.29102.190
MinimumVisualStudioVersion = 10.0.40219.1
Project("{9A19103F-16F7-4668-BE54-9A1E7A4F7556}") = "surveyjs-aspnet-mvc", "surveyjs-aspnet-mvc.csproj", "{2FDBC412-5679-4967-B2F8-72697A4FD32F}"
EndProject
Global
	GlobalSection(SolutionConfigurationPlatforms) = preSolution
		Debug|Any CPU = Debug|Any CPU
		Release|Any CPU = Release|Any CPU
	EndGlobalSection
	GlobalSection(ProjectConfigurationPlatforms) = postSolution
		{2FDBC412-5679-4967-B2F8-72697A4FD32F}.Debug|Any CPU.ActiveCfg = Debug|Any CPU
		{2FDBC412-5679-4967-B2F8-72697A4FD32F}.Debug|Any CPU.Build.0 = Debug|Any CPU
		{2FDBC412-5679-4967-B2F8-72697A4FD32F}.Release|Any CPU.ActiveCfg = Release|Any CPU
		{2FDBC412-5679-4967-B2F8-72697A4FD32F}.Release|Any CPU.Build.0 = Release|Any CPU
	EndGlobalSection
	GlobalSection(SolutionProperties) = preSolution
		HideSolutionNode = FALSE
	EndGlobalSection
	GlobalSection(ExtensibilityGlobals) = postSolution
		SolutionGuid = {3E46911C-0D4F-468C-8267-30E28D5C1B4D}
	EndGlobalSection
EndGlobal
